# This file is automatically @generated by Cargo.
# It is not intended for manual editing.
version = 3

[[package]]
name = "snek"
version = "0.1.0"

[[package]]
name = "snek-debug"
version = "0.1.0"
dependencies = [
 "snek",
]

[[package]]
name = "snek-js"
version = "0.1.0"
dependencies = [
 "snek",
]
